
Microsoft Visual Studio Solution File, Format Version 12.00
# Visual Studio Version 17
VisualStudioVersion = 17.5.33414.496
MinimumVisualStudioVersion = 10.0.40219.1
Project("{9A19103F-16F7-4668-BE54-9A1E7A4F7556}") = "OnlineStore", "OnlineStore.csproj", "{4A74860D-6137-4FBB-9278-1C751BF8A0CD}"
EndProject
Project("{9A19103F-16F7-4668-BE54-9A1E7A4F7556}") = "OnlineStore_DataAccess", "OnlineStore_DataAccess\OnlineStore_DataAccess.csproj", "{EFCCFFD9-A850-44CD-8B5B-5CD8A6A3AB2E}"
EndProject
Project("{9A19103F-16F7-4668-BE54-9A1E7A4F7556}") = "OnlineStore_Models", "OnlineStore_Models\OnlineStore_Models.csproj", "{B9270DCE-C785-489C-81FC-1B097B27DCCD}"
EndProject
Project("{9A19103F-16F7-4668-BE54-9A1E7A4F7556}") = "OnlineStore_Utility", "OnlineStore_Utility\OnlineStore_Utility.csproj", "{7BFA70AB-5DBC-48EB-9F35-7B1FA9CA2064}"
EndProject
Global
	GlobalSection(SolutionConfigurationPlatforms) = preSolution
		Debug|Any CPU = Debug|Any CPU
		Release|Any CPU = Release|Any CPU
	EndGlobalSection
	GlobalSection(ProjectConfigurationPlatforms) = postSolution
		{4A74860D-6137-4FBB-9278-1C751BF8A0CD}.Debug|Any CPU.ActiveCfg = Debug|Any CPU
		{4A74860D-6137-4FBB-9278-1C751BF8A0CD}.Debug|Any CPU.Build.0 = Debug|Any CPU
		{4A74860D-6137-4FBB-9278-1C751BF8A0CD}.Release|Any CPU.ActiveCfg = Release|Any CPU
		{4A74860D-6137-4FBB-9278-1C751BF8A0CD}.Release|Any CPU.Build.0 = Release|Any CPU
		{EFCCFFD9-A850-44CD-8B5B-5CD8A6A3AB2E}.Debug|Any CPU.ActiveCfg = Debug|Any CPU
		{EFCCFFD9-A850-44CD-8B5B-5CD8A6A3AB2E}.Debug|Any CPU.Build.0 = Debug|Any CPU
		{EFCCFFD9-A850-44CD-8B5B-5CD8A6A3AB2E}.Release|Any CPU.ActiveCfg = Release|Any CPU
		{EFCCFFD9-A850-44CD-8B5B-5CD8A6A3AB2E}.Release|Any CPU.Build.0 = Release|Any CPU
		{B9270DCE-C785-489C-81FC-1B097B27DCCD}.Debug|Any CPU.ActiveCfg = Debug|Any CPU
		{B9270DCE-C785-489C-81FC-1B097B27DCCD}.Debug|Any CPU.Build.0 = Debug|Any CPU
		{B9270DCE-C785-489C-81FC-1B097B27DCCD}.Release|Any CPU.ActiveCfg = Release|Any CPU
		{B9270DCE-C785-489C-81FC-1B097B27DCCD}.Release|Any CPU.Build.0 = Release|Any CPU
		{7BFA70AB-5DBC-48EB-9F35-7B1FA9CA2064}.Debug|Any CPU.ActiveCfg = Debug|Any CPU
		{7BFA70AB-5DBC-48EB-9F35-7B1FA9CA2064}.Debug|Any CPU.Build.0 = Debug|Any CPU
		{7BFA70AB-5DBC-48EB-9F35-7B1FA9CA2064}.Release|Any CPU.ActiveCfg = Release|Any CPU
		{7BFA70AB-5DBC-48EB-9F35-7B1FA9CA2064}.Release|Any CPU.Build.0 = Release|Any CPU
	EndGlobalSection
	GlobalSection(SolutionProperties) = preSolution
		HideSolutionNode = FALSE
	EndGlobalSection
	GlobalSection(ExtensibilityGlobals) = postSolution
		SolutionGuid = {0F8B39C4-DDB7-4A07-AA43-08EDB6831D5C}
	EndGlobalSection
EndGlobal
